
Microsoft Visual Studio Solution File, Format Version 12.00
# Visual Studio 14
VisualStudioVersion = 14.0.25420.1
MinimumVisualStudioVersion = 10.0.40219.1
Project("{FAE04EC0-301F-11D3-BF4B-00C04F79EFBC}") = "PersonalLife.View", "PersonalLife.View\PersonalLife.View.csproj", "{CE978E8A-6810-4D42-A31A-A8FAFC5AE721}"
EndProject
Project("{FAE04EC0-301F-11D3-BF4B-00C04F79EFBC}") = "PersonalLife.Controle", "PersonalLife.Controle\PersonalLife.Controle.csproj", "{39306DFE-AA1B-4483-96FD-51614FE27353}"
EndProject
Global
	GlobalSection(SolutionConfigurationPlatforms) = preSolution
		Debug|Any CPU = Debug|Any CPU
		Release|Any CPU = Release|Any CPU
	EndGlobalSection
	GlobalSection(ProjectConfigurationPlatforms) = postSolution
		{CE978E8A-6810-4D42-A31A-A8FAFC5AE721}.Debug|Any CPU.ActiveCfg = Debug|Any CPU
		{CE978E8A-6810-4D42-A31A-A8FAFC5AE721}.Debug|Any CPU.Build.0 = Debug|Any CPU
		{CE978E8A-6810-4D42-A31A-A8FAFC5AE721}.Release|Any CPU.ActiveCfg = Release|Any CPU
		{CE978E8A-6810-4D42-A31A-A8FAFC5AE721}.Release|Any CPU.Build.0 = Release|Any CPU
		{39306DFE-AA1B-4483-96FD-51614FE27353}.Debug|Any CPU.ActiveCfg = Debug|Any CPU
		{39306DFE-AA1B-4483-96FD-51614FE27353}.Debug|Any CPU.Build.0 = Debug|Any CPU
		{39306DFE-AA1B-4483-96FD-51614FE27353}.Release|Any CPU.ActiveCfg = Release|Any CPU
		{39306DFE-AA1B-4483-96FD-51614FE27353}.Release|Any CPU.Build.0 = Release|Any CPU
	EndGlobalSection
	GlobalSection(SolutionProperties) = preSolution
		HideSolutionNode = FALSE
	EndGlobalSection
EndGlobal
